# THIS IS AN AUTOGENERATED FILE. DO NOT EDIT THIS FILE DIRECTLY.
assets/SonneCare_Lifestyle2-2058.jpg:
  development: 2018-06-18T16:23:37-07:00   a03a098f771e56f59a185f993a4ee989
assets/about-top.jpg:
  development: 2018-06-14T13:04:32-07:00   c3dc109eb588f2bcd39164eaffc9bc23
assets/amir.jpg:
  development: 2018-06-14T12:21:16-07:00   3c9d3d1b9922b43a8c88d667965b4cec
assets/beaker.svg:
  development: 2018-06-13T07:31:23-07:00   5d747dde3e401f5ac28d21c5f6f9a9cd
assets/easy.jpg:
  development: 2018-06-13T12:54:06-07:00   3b44600c4b943b85c0461da2d50d496a
assets/easy2.jpg:
  development: 2018-06-14T14:01:14-07:00   7f8aa871d20a2d07f4bc86841d3574b5
assets/envelope.svg:
  development: 2018-06-13T07:31:23-07:00   2df25474af0f78f3834e346338331161
assets/evening-2_1024x1024_de34637c-c145-419c-b420-4badb9fd1cd5_1024x1024.jpg:
  development: 2018-06-18T16:56:07-07:00   713bea42b194cf75d53c35191b9ae7e4
assets/fastclick.min.js:
  development: 2018-06-11T15:32:45-07:00   a8082e71d6b046776c20a40496c0917b
assets/github.svg:
  development: 2018-06-13T07:31:24-07:00   11f239e0ba8daf1618c8fe54d9505362
assets/home-sol-1.jpg:
  development: 2018-06-18T17:05:48-07:00   59071c5ec3ce8829b7f1a38d01f9edae
assets/home-sol-2.jpg:
  development: 2018-06-18T17:07:15-07:00   ad5d7fcf0b0501d20f1c06f434a11898
assets/home-sol-4.jpg:
  development: 2018-06-18T17:15:30-07:00   f5296fb9b736f59a74382734156c4046
assets/home.jpg:
  development: 2018-06-12T14:07:53-07:00   a62d63d0d1b717475e118edbae0a04a5
assets/home2.jpg:
  development: 2018-06-13T10:41:13-07:00   eaea6c9323c17ca7445849dc5d57557b
assets/leaf.svg:
  development: 2018-06-13T07:31:24-07:00   95fed90f0049925557502e65e45833b5
assets/main.min.css:
  development: 2018-06-18T17:53:10-07:00   94b32d63462f3e60609eb0c2307cd657
assets/main.min.css.map:
  development: 2018-06-11T15:32:45-07:00   e1338bb491140abd827b0f0ee1256615
assets/main.min.js:
  development: 2018-06-18T16:39:34-07:00   a7d362e2b2c7b98bdda263450aabf95d
assets/matt.jpg:
  development: 2018-06-14T12:21:17-07:00   6e5cc340429b9ef20bf102d15efc69b4
assets/molecule-1.svg:
  development: 2018-06-13T07:31:25-07:00   9d3cf397abbd1a8fbbc20402c8344b4e
assets/molecule-2.svg:
  development: 2018-06-13T07:31:25-07:00   a7cf31216679826cd7ff54459c990622
assets/moon.svg:
  development: 2018-06-13T07:31:26-07:00   2cf0a819a66e43280fe5ff83d9f2bdf5
assets/morning-2_1024x1024_5448eb8f-9e85-45b4-af76-a70615a9700c_1024x1024.jpg:
  development: 2018-06-18T16:56:09-07:00   3750016b18c06fab86f9379f2c1e12b4
assets/option_selection.js:
  development: 2018-06-11T15:32:45-07:00   2c6231664b43b04ff80dc88d50fc347f
assets/password.jpg:
  development: 2018-06-11T15:32:46-07:00   42eaf3ca0e067b974bc95c7480d48c25
assets/prob1.jpg:
  development: 2018-06-13T15:18:18-07:00   1148657e5a101d153ca54151d006ec6d
assets/prob2.jpg:
  development: 2018-06-13T15:32:05-07:00   e42a73db935c5119cd29fd15e3292ea8
assets/prob3.jpg:
  development: 2018-06-13T15:35:00-07:00   32d5d5704d83a8aadf9aeabdf751d13d
assets/product-evening.jpg:
  development: 2018-06-18T15:54:49-07:00   175c55a088a1fc35370fd095426be261
assets/product-morning.jpg:
  development: 2018-06-18T15:53:39-07:00   bfbe5bd911426fe7422a5ca67af3c12b
assets/product.jpg:
  development: 2018-06-18T11:54:14-07:00   4aa67a58d1ce8991405db6a90fc9184d
assets/quote-1.jpg:
  development: 2018-06-18T16:17:51-07:00   99194bf2e56005f1564216d2d7fb8033
assets/shopify_common.js:
  development: 2018-06-11T15:32:46-07:00   bf001459d7d6c7c05491db53511b03b1
assets/soldout.png:
  development: 2018-06-11T15:32:46-07:00   6a7697db19e17aae7568e216c2b365af
assets/sonne.svg:
  development: 2018-06-13T07:31:26-07:00   e114a6c1303813571d057ce53ef8b6b9
assets/sun.svg:
  development: 2018-06-13T07:31:27-07:00   ac20c63c663417f528891ffd304afba5
assets/swatches.css.liquid:
  development: 2018-06-11T15:32:46-07:00   75f19ba63a65a3e850ff24a707bac013
assets/takestwo.jpg:
  development: 2018-06-18T16:01:23-07:00   2e64af7b714fbf71fc80fe3628b94963
assets/theme.js.liquid:
  development: 2018-06-11T15:32:46-07:00   546113b2b13843ea59a71e498009b83b
assets/usa.svg:
  development: 2018-06-13T07:31:27-07:00   1d28a14e14e7226b91cd7ddf1e8ae406
assets/vendor.min.css:
  development: 2018-06-11T15:32:46-07:00   d66e2fb62859704e16091ba118017fdd
assets/vendor.min.js:
  development: 2018-06-18T15:31:40-07:00   b00497035407dfacd65ecef540ce34ea
config/settings_data.json:
  development: 2018-06-11T15:32:49-07:00   99914b932bd37a50b983c5e7c90ae93b
config/settings_schema.json:
  development: 2018-06-11T15:32:49-07:00   b37f15b307eb95a408e96d273c74f00a
layout/theme.liquid:
  development: 2018-06-18T14:25:00-07:00   3dae7529a852f2a7ec4eb76adb008bb8
layout/theme.naked.liquid:
  development: 2018-06-11T15:32:47-07:00   57a1d6cdeafc98ce8d294c03e8da1bf1
locales/en.default.json:
  development: 2018-06-18T12:00:39-07:00   f34a2d54276c9f7e4d681ca6e9621512
sections/explainer-template.liquid:
  development: 2018-06-11T15:32:42-07:00   6eb38774a728366b085dd10d6ffc11bc
sections/feature-template.liquid:
  development: 2018-06-11T15:32:42-07:00   625e68d3383154cbfaf4dbfa866d2dcb
sections/hero-template.liquid:
  development: 2018-06-11T15:32:42-07:00   5c4da57d1345c142835595725ce7d466
sections/quote-template.liquid:
  development: 2018-06-11T15:32:42-07:00   7eb38674a060624db195debf81055bba
snippets/ajax-cart.liquid:
  development: 2018-06-11T15:32:47-07:00   9a0aaaa11b0b57525ceed9ed52c71dc3
snippets/ajaxify-cart.liquid:
  development: 2018-06-18T11:33:44-07:00   9cb7fa0a2f1b3feb5e2d76dab2e886df
snippets/collection-sorting.liquid:
  development: 2018-06-11T15:32:47-07:00   a45abeb9439eba8b29d6fb6da5328258
snippets/evening-benefits.liquid:
  development: 2018-06-18T15:49:07-07:00   d61100dac18c7ae116e15bdb5361ada7
snippets/footer.liquid:
  development: 2018-06-18T16:26:35-07:00   6ca6f0e95f53ad0f3e8c2f9db02a240c
snippets/freeitems.liquid:
  development: 2018-06-18T11:40:46-07:00   7ad1c6669dffb531b7662fe6164cf5a1
snippets/header.liquid:
  development: 2018-06-18T14:12:22-07:00   cf57dffd2e43fa1d66b87ad81c436e14
snippets/home-hiw.liquid:
  development: 2018-06-18T11:29:02-07:00   7e2d0d525d9272837fcf6628a1c42238
snippets/home-problem.liquid:
  development: 2018-06-13T15:08:05-07:00   bd99312ab50d3e1e6acf9a0f9a888491
snippets/home-quote.liquid:
  development: 2018-06-13T11:43:37-07:00   2c5db920885bc19305c43e79bba01ad0
snippets/home-sol.liquid:
  development: 2018-06-18T17:10:35-07:00   de866bfc803722d670db97ffff38a3ea
snippets/index-heros.liquid:
  development: 2018-06-11T15:32:47-07:00   f0074d7f144ed86515f3a825a6e98205
snippets/index-product.liquid:
  development: 2018-06-11T15:32:47-07:00   5358ba588bb9814fc05666b508aa7497
snippets/morning-benefits.liquid:
  development: 2018-06-18T15:46:36-07:00   cb1d4890d1293a929f5cb93daafa9602
snippets/nav-dropdown-mobile.liquid:
  development: 2018-06-11T15:32:47-07:00   263a71dd14f4a52730cf92aab994f6a1
snippets/nav-dropdown.liquid:
  development: 2018-06-11T15:32:47-07:00   2a40aea8a70a7b8f0e1093fa4f3d9564
snippets/nav.liquid:
  development: 2018-06-11T15:32:47-07:00   05ea8b93245e2b9dfe5d89609b3a8865
snippets/notification.liquid:
  development: 2018-06-11T15:32:47-07:00   a14cbfc152e36d923b9afe402268a1be
snippets/page-header.liquid:
  development: 2018-06-11T15:32:47-07:00   cc8a9501489f3ee5fe1b2a4074c14d72
snippets/product-breadcrumbs.liquid:
  development: 2018-06-11T15:32:47-07:00   6ba6215aeeb3d43fa95fe2ee8c37b4c1
snippets/product-form.liquid:
  development: 2018-06-11T15:32:48-07:00   8b5c676cc074cbdc986ca63c969b298c
snippets/product-grid-item.liquid:
  development: 2018-06-11T15:32:48-07:00   8a18b0a452a1bafbfa962630ab8a9197
snippets/product-image-single.liquid:
  development: 2018-06-11T15:32:48-07:00   8eda2f1c546e559ee3f88c6590606f26
snippets/product-images.liquid:
  development: 2018-06-11T15:32:48-07:00   6e148dd44447d2a89a18d384d86e551b
snippets/product-item.liquid:
  development: 2018-06-11T15:32:48-07:00   3f98d1ad44bf37489cc41d3e7be857bc
snippets/product-quote.liquid:
  development: 2018-06-18T16:18:06-07:00   25b69c6d8850620a997b78034e7f5450
snippets/product-thumbs.liquid:
  development: 2018-06-11T15:32:48-07:00   03058db53c6414be28c874d2ad9a1934
snippets/scripts.liquid:
  development: 2018-06-18T14:25:29-07:00   9c2fb45c60f07e8363d275e11c8864bd
snippets/search-grid-item.liquid:
  development: 2018-06-11T15:32:48-07:00   21de2976dd393370bfab1b8cad9a1109
snippets/site-footer.liquid:
  development: 2018-06-11T15:32:48-07:00   901658ecceb57b4d88460ac5e3e7f7e4
snippets/site-nav.liquid:
  development: 2018-06-11T15:32:48-07:00   27cec0caeb61c1ec99cab4eb45a5cef6
snippets/subscribe-form-2.liquid:
  development: 2018-06-18T16:27:28-07:00   5f4e43d57d8bebc786a2fed47c917339
snippets/subscribe-form.liquid:
  development: 2018-06-18T16:25:53-07:00   44df466fac0185a592fd9e792ae47116
snippets/subscribe.liquid:
  development: 2018-06-18T16:25:57-07:00   6cc84c1c63b1165d5a04b6773b8d7709
snippets/subscription-product.liquid:
  development: 2018-06-11T17:23:30-07:00   b901ca8db83de45e031c21d718f18514
snippets/subscription-theme-footer.liquid:
  development: 2018-06-18T14:25:42-07:00   12b2680357a3f273b47c07d9baf7252f
snippets/swatch.liquid:
  development: 2018-06-11T15:32:48-07:00   24862626269fffb3aa68f1cda342286c
snippets/swatches.liquid:
  development: 2018-06-11T15:32:48-07:00   24862626269fffb3aa68f1cda342286c
templates/404.liquid:
  development: 2018-06-11T15:32:48-07:00   153e2e400162f1ffc97dba4700b0d62b
templates/article.liquid:
  development: 2018-06-11T15:32:48-07:00   ade6f93b4427ea6f91c320463f2dacec
templates/blog.liquid:
  development: 2018-06-11T15:32:48-07:00   0598241c38b5f2aafb30cbaf1219373e
templates/cart.liquid:
  development: 2018-06-11T15:32:48-07:00   02bf902e6e9397122ba4874000e63504
templates/collection.liquid:
  development: 2018-06-11T15:32:48-07:00   ffaea2bd938b134d32b3442797dd6786
templates/customers/account.liquid:
  development: 2018-06-13T07:30:34-07:00   32f4dead8ffded50a8e2c5965743de42
templates/customers/activate_account.liquid:
  development: 2018-06-11T15:32:49-07:00   325913e4a868a5a5852749f158d98065
templates/customers/addresses.liquid:
  development: 2018-06-13T07:27:45-07:00   c09022e953bd51ea8d9839ebd834cbed
templates/customers/login.liquid:
  development: 2018-06-13T07:07:36-07:00   4ca990590f157656c16e0670ca09a946
templates/customers/order.liquid:
  development: 2018-06-11T15:32:49-07:00   87b5090195c754551a8cab5424796bf4
templates/customers/register.liquid:
  development: 2018-06-11T15:32:49-07:00   a231d072b1a914498071f4cc17d75711
templates/customers/reset_password.liquid:
  development: 2018-06-11T15:32:49-07:00   c52cb1425f2aa4d0a3dbb557f3749fce
templates/index.liquid:
  development: 2018-06-18T17:52:54-07:00   67498701c4eceb87ebcf8534db7093bf
templates/list-collections.liquid:
  development: 2018-06-11T15:32:49-07:00   31e3dc19c53b28349257f298c8f11c22
templates/page.about.liquid:
  development: 2018-06-18T13:17:41-07:00   9144a3fe2f5b3a06f9a13a184e7cd297
templates/page.faq.liquid:
  development: 2018-06-18T17:42:36-07:00   c07b9161c220c829ad63cd4298e73e81
templates/page.liquid:
  development: 2018-06-14T10:57:06-07:00   b6f90480909aeef427cca6bd59c0ee3d
templates/page.mission.liquid:
  development: 2018-06-18T13:31:23-07:00   9a52d34913bffa8d34e7aa1b714bbd1c
templates/page.skin-101.liquid:
  development: 2018-06-18T15:14:15-07:00   5b7e1e814c75067a35e8f555375892c2
templates/page.story.liquid:
  development: 2018-06-14T10:57:02-07:00   b6f90480909aeef427cca6bd59c0ee3d
templates/password.liquid:
  development: 2018-06-11T15:32:49-07:00   412c343c7b2a5e7a0eadba30bf51ed75
templates/product.liquid:
  development: 2018-06-18T16:21:05-07:00   b153bda0b26d12776145b0a2a227426d
templates/search.liquid:
  development: 2018-06-11T15:32:49-07:00   ccc9508f4c5e7043ee796775bcb10ce8
