# THIS IS AN AUTOGENERATED FILE. DO NOT EDIT THIS FILE DIRECTLY.
assets/fastclick.min.js:
  development: 2018-06-11T15:32:45-07:00   a8082e71d6b046776c20a40496c0917b
assets/home.jpg:
  development: 2018-06-12T14:07:53-07:00   a62d63d0d1b717475e118edbae0a04a5
assets/home2.jpg:
  development: 2018-06-12T14:20:43-07:00   1d1aeaef202654592f079cfe214f9b1b
assets/main.min.css:
  development: 2018-06-12T16:58:29-07:00   a6877ecd8798606edbf212ab37a00df5
assets/main.min.css.map:
  development: 2018-06-11T15:32:45-07:00   e1338bb491140abd827b0f0ee1256615
assets/main.min.js:
  development: 2018-06-12T16:49:22-07:00   82b240cec9642d59040c8d250e14c6c9
assets/option_selection.js:
  development: 2018-06-11T15:32:45-07:00   2c6231664b43b04ff80dc88d50fc347f
assets/password.jpg:
  development: 2018-06-11T15:32:46-07:00   42eaf3ca0e067b974bc95c7480d48c25
assets/shopify_common.js:
  development: 2018-06-11T15:32:46-07:00   bf001459d7d6c7c05491db53511b03b1
assets/soldout.png:
  development: 2018-06-11T15:32:46-07:00   6a7697db19e17aae7568e216c2b365af
assets/swatches.css.liquid:
  development: 2018-06-11T15:32:46-07:00   75f19ba63a65a3e850ff24a707bac013
assets/theme.js.liquid:
  development: 2018-06-11T15:32:46-07:00   546113b2b13843ea59a71e498009b83b
assets/vendor.min.css:
  development: 2018-06-11T15:32:46-07:00   d66e2fb62859704e16091ba118017fdd
assets/vendor.min.js:
  development: 2018-06-12T16:07:16-07:00   0e05f84f962ead1383ecc4e297d76354
config/settings_data.json:
  development: 2018-06-11T15:32:49-07:00   99914b932bd37a50b983c5e7c90ae93b
config/settings_schema.json:
  development: 2018-06-11T15:32:49-07:00   b37f15b307eb95a408e96d273c74f00a
layout/theme.liquid:
  development: 2018-06-11T15:32:47-07:00   951f68ae3314530f6d0f8dd36aa35153
layout/theme.naked.liquid:
  development: 2018-06-11T15:32:47-07:00   57a1d6cdeafc98ce8d294c03e8da1bf1
locales/en.default.json:
  development: 2018-06-11T15:32:47-07:00   0a791f30da40a2af3f9b331f7d3ec7fe
sections/explainer-template.liquid:
  development: 2018-06-11T15:32:42-07:00   6eb38774a728366b085dd10d6ffc11bc
sections/feature-template.liquid:
  development: 2018-06-11T15:32:42-07:00   625e68d3383154cbfaf4dbfa866d2dcb
sections/hero-template.liquid:
  development: 2018-06-11T15:32:42-07:00   5c4da57d1345c142835595725ce7d466
sections/quote-template.liquid:
  development: 2018-06-11T15:32:42-07:00   7eb38674a060624db195debf81055bba
snippets/ajax-cart.liquid:
  development: 2018-06-11T15:32:47-07:00   9a0aaaa11b0b57525ceed9ed52c71dc3
snippets/ajaxify-cart.liquid:
  development: 2018-06-11T15:32:47-07:00   a83bf4d5c60aabd9301cc7f8e5bc90c3
snippets/collection-sorting.liquid:
  development: 2018-06-11T15:32:47-07:00   a45abeb9439eba8b29d6fb6da5328258
snippets/footer.liquid:
  development: 2018-06-11T17:43:50-07:00   4f4ffbbf3a1bd9aa478af1eb0ddfb814
snippets/header.liquid:
  development: 2018-06-12T10:22:00-07:00   27fa623b02c253e901352bded4559dff
snippets/index-heros.liquid:
  development: 2018-06-11T15:32:47-07:00   f0074d7f144ed86515f3a825a6e98205
snippets/index-product.liquid:
  development: 2018-06-11T15:32:47-07:00   5358ba588bb9814fc05666b508aa7497
snippets/nav-dropdown-mobile.liquid:
  development: 2018-06-11T15:32:47-07:00   263a71dd14f4a52730cf92aab994f6a1
snippets/nav-dropdown.liquid:
  development: 2018-06-11T15:32:47-07:00   2a40aea8a70a7b8f0e1093fa4f3d9564
snippets/nav.liquid:
  development: 2018-06-11T15:32:47-07:00   05ea8b93245e2b9dfe5d89609b3a8865
snippets/notification.liquid:
  development: 2018-06-11T15:32:47-07:00   a14cbfc152e36d923b9afe402268a1be
snippets/page-header.liquid:
  development: 2018-06-11T15:32:47-07:00   cc8a9501489f3ee5fe1b2a4074c14d72
snippets/product-breadcrumbs.liquid:
  development: 2018-06-11T15:32:47-07:00   6ba6215aeeb3d43fa95fe2ee8c37b4c1
snippets/product-form.liquid:
  development: 2018-06-11T15:32:48-07:00   8b5c676cc074cbdc986ca63c969b298c
snippets/product-grid-item.liquid:
  development: 2018-06-11T15:32:48-07:00   8a18b0a452a1bafbfa962630ab8a9197
snippets/product-image-single.liquid:
  development: 2018-06-11T15:32:48-07:00   8eda2f1c546e559ee3f88c6590606f26
snippets/product-images.liquid:
  development: 2018-06-11T15:32:48-07:00   6e148dd44447d2a89a18d384d86e551b
snippets/product-item.liquid:
  development: 2018-06-11T15:32:48-07:00   3f98d1ad44bf37489cc41d3e7be857bc
snippets/product-thumbs.liquid:
  development: 2018-06-11T15:32:48-07:00   03058db53c6414be28c874d2ad9a1934
snippets/search-grid-item.liquid:
  development: 2018-06-11T15:32:48-07:00   21de2976dd393370bfab1b8cad9a1109
snippets/site-footer.liquid:
  development: 2018-06-11T15:32:48-07:00   901658ecceb57b4d88460ac5e3e7f7e4
snippets/site-nav.liquid:
  development: 2018-06-11T15:32:48-07:00   27cec0caeb61c1ec99cab4eb45a5cef6
snippets/subscribe.liquid:
  development: 2018-06-11T15:48:54-07:00   44df466fac0185a592fd9e792ae47116
snippets/subscription-product.liquid:
  development: 2018-06-11T17:23:30-07:00   b901ca8db83de45e031c21d718f18514
snippets/swatch.liquid:
  development: 2018-06-11T15:32:48-07:00   24862626269fffb3aa68f1cda342286c
snippets/swatches.liquid:
  development: 2018-06-11T15:32:48-07:00   24862626269fffb3aa68f1cda342286c
templates/404.liquid:
  development: 2018-06-11T15:32:48-07:00   153e2e400162f1ffc97dba4700b0d62b
templates/article.liquid:
  development: 2018-06-11T15:32:48-07:00   ade6f93b4427ea6f91c320463f2dacec
templates/blog.liquid:
  development: 2018-06-11T15:32:48-07:00   0598241c38b5f2aafb30cbaf1219373e
templates/cart.liquid:
  development: 2018-06-11T15:32:48-07:00   02bf902e6e9397122ba4874000e63504
templates/collection.liquid:
  development: 2018-06-11T15:32:48-07:00   ffaea2bd938b134d32b3442797dd6786
templates/customers/account.liquid:
  development: 2018-06-12T10:45:11-07:00   b2b6f89280088fcec5766d6c2042ab7c
templates/customers/activate_account.liquid:
  development: 2018-06-11T15:32:49-07:00   325913e4a868a5a5852749f158d98065
templates/customers/addresses.liquid:
  development: 2018-06-12T10:55:19-07:00   806282de517df7c65957c7791239b41d
templates/customers/login.liquid:
  development: 2018-06-12T10:42:14-07:00   1eae3c064f5f37811d4ce463b9e90e44
templates/customers/order.liquid:
  development: 2018-06-11T15:32:49-07:00   87b5090195c754551a8cab5424796bf4
templates/customers/register.liquid:
  development: 2018-06-11T15:32:49-07:00   a231d072b1a914498071f4cc17d75711
templates/customers/reset_password.liquid:
  development: 2018-06-11T15:32:49-07:00   c52cb1425f2aa4d0a3dbb557f3749fce
templates/index.liquid:
  development: 2018-06-12T16:52:10-07:00   f17daa36884e4579ef1046306d4a2ace
templates/list-collections.liquid:
  development: 2018-06-11T15:32:49-07:00   31e3dc19c53b28349257f298c8f11c22
templates/page.liquid:
  development: 2018-06-11T15:32:49-07:00   fac0e67335e3d2665f644c69e0187f92
templates/password.liquid:
  development: 2018-06-11T15:32:49-07:00   412c343c7b2a5e7a0eadba30bf51ed75
templates/product.liquid:
  development: 2018-06-11T17:41:42-07:00   1e14a8539895e3f9e7feb0c2767f1798
templates/search.liquid:
  development: 2018-06-11T15:32:49-07:00   ccc9508f4c5e7043ee796775bcb10ce8
